
Microsoft Visual Studio Solution File, Format Version 12.00
# Visual Studio 15
VisualStudioVersion = 15.0.27004.2002
MinimumVisualStudioVersion = 10.0.40219.1
Project("{FAE04EC0-301F-11D3-BF4B-00C04F79EFBC}") = "MVCPublishersProject", "MVCPublishersProject\MVCPublishersProject.csproj", "{C4081819-F84A-44C6-A7A9-87006DAA7D5E}"
EndProject
Global
	GlobalSection(SolutionConfigurationPlatforms) = preSolution
		Debug|Any CPU = Debug|Any CPU
		Release|Any CPU = Release|Any CPU
	EndGlobalSection
	GlobalSection(ProjectConfigurationPlatforms) = postSolution
		{C4081819-F84A-44C6-A7A9-87006DAA7D5E}.Debug|Any CPU.ActiveCfg = Debug|Any CPU
		{C4081819-F84A-44C6-A7A9-87006DAA7D5E}.Debug|Any CPU.Build.0 = Debug|Any CPU
		{C4081819-F84A-44C6-A7A9-87006DAA7D5E}.Release|Any CPU.ActiveCfg = Release|Any CPU
		{C4081819-F84A-44C6-A7A9-87006DAA7D5E}.Release|Any CPU.Build.0 = Release|Any CPU
	EndGlobalSection
	GlobalSection(SolutionProperties) = preSolution
		HideSolutionNode = FALSE
	EndGlobalSection
	GlobalSection(ExtensibilityGlobals) = postSolution
		SolutionGuid = {4DC7326F-18BF-4915-913F-A04806E07EB8}
	EndGlobalSection
EndGlobal
